// !$*UTF8*$!
{
	archiveVersion = 1;
	classes = {
	};
	objectVersion = 50;
	objects = {

/* Begin PBXBuildFile section */
		65611714214A76610017E6CA /* AppDelegate.swift in Sources */ = {isa = PBXBuildFile; fileRef = 65611713214A76610017E6CA /* AppDelegate.swift */; };
		65611719214A76610017E6CA /* Main.storyboard in Resources */ = {isa = PBXBuildFile; fileRef = 65611717214A76610017E6CA /* Main.storyboard */; };
		6561171C214A76610017E6CA /* TeamBuilder.xcdatamodeld in Sources */ = {isa = PBXBuildFile; fileRef = 6561171A214A76610017E6CA /* TeamBuilder.xcdatamodeld */; };
		6561171E214A76650017E6CA /* Assets.xcassets in Resources */ = {isa = PBXBuildFile; fileRef = 6561171D214A76650017E6CA /* Assets.xcassets */; };
		65611721214A76650017E6CA /* LaunchScreen.storyboard in Resources */ = {isa = PBXBuildFile; fileRef = 6561171F214A76650017E6CA /* LaunchScreen.storyboard */; };
		65611731214A902B0017E6CA /* TestView.swift in Sources */ = {isa = PBXBuildFile; fileRef = 65611730214A902B0017E6CA /* TestView.swift */; };
		65611733214A90490017E6CA /* TestModel.swift in Sources */ = {isa = PBXBuildFile; fileRef = 65611732214A90490017E6CA /* TestModel.swift */; };
		65611735214A90510017E6CA /* TestManager.swift in Sources */ = {isa = PBXBuildFile; fileRef = 65611734214A90510017E6CA /* TestManager.swift */; };
		65611737214A905A0017E6CA /* TestController.swift in Sources */ = {isa = PBXBuildFile; fileRef = 65611736214A905A0017E6CA /* TestController.swift */; };
/* End PBXBuildFile section */

/* Begin PBXFileReference section */
		65611710214A76610017E6CA /* TeamBuilder.app */ = {isa = PBXFileReference; explicitFileType = wrapper.application; includeInIndex = 0; path = TeamBuilder.app; sourceTree = BUILT_PRODUCTS_DIR; };
		65611713214A76610017E6CA /* AppDelegate.swift */ = {isa = PBXFileReference; lastKnownFileType = sourcecode.swift; path = AppDelegate.swift; sourceTree = "<group>"; };
		65611718214A76610017E6CA /* Base */ = {isa = PBXFileReference; lastKnownFileType = file.storyboard; name = Base; path = Base.lproj/Main.storyboard; sourceTree = "<group>"; };
		6561171B214A76610017E6CA /* TeamBuilder.xcdatamodel */ = {isa = PBXFileReference; lastKnownFileType = wrapper.xcdatamodel; path = TeamBuilder.xcdatamodel; sourceTree = "<group>"; };
		6561171D214A76650017E6CA /* Assets.xcassets */ = {isa = PBXFileReference; lastKnownFileType = folder.assetcatalog; path = Assets.xcassets; sourceTree = "<group>"; };
		65611720214A76650017E6CA /* Base */ = {isa = PBXFileReference; lastKnownFileType = file.storyboard; name = Base; path = Base.lproj/LaunchScreen.storyboard; sourceTree = "<group>"; };
		65611722214A76650017E6CA /* Info.plist */ = {isa = PBXFileReference; lastKnownFileType = text.plist.xml; path = Info.plist; sourceTree = "<group>"; };
		65611730214A902B0017E6CA /* TestView.swift */ = {isa = PBXFileReference; lastKnownFileType = sourcecode.swift; path = TestView.swift; sourceTree = "<group>"; };
		65611732214A90490017E6CA /* TestModel.swift */ = {isa = PBXFileReference; lastKnownFileType = sourcecode.swift; path = TestModel.swift; sourceTree = "<group>"; };
		65611734214A90510017E6CA /* TestManager.swift */ = {isa = PBXFileReference; lastKnownFileType = sourcecode.swift; path = TestManager.swift; sourceTree = "<group>"; };
		65611736214A905A0017E6CA /* TestController.swift */ = {isa = PBXFileReference; lastKnownFileType = sourcecode.swift; path = TestController.swift; sourceTree = "<group>"; };
/* End PBXFileReference section */

/* Begin PBXFrameworksBuildPhase section */
		6561170D214A76600017E6CA /* Frameworks */ = {
			isa = PBXFrameworksBuildPhase;
			buildActionMask = 2147483647;
			files = (
			);
			runOnlyForDeploymentPostprocessing = 0;
		};
/* End PBXFrameworksBuildPhase section */

/* Begin PBXGroup section */
		65611707214A76600017E6CA = {
			isa = PBXGroup;
			children = (
				65611712214A76610017E6CA /* TeamBuilder */,
				65611711214A76610017E6CA /* Products */,
			);
			sourceTree = "<group>";
		};
		65611711214A76610017E6CA /* Products */ = {
			isa = PBXGroup;
			children = (
				65611710214A76610017E6CA /* TeamBuilder.app */,
			);
			name = Products;
			sourceTree = "<group>";
		};
		65611712214A76610017E6CA /* TeamBuilder */ = {
			isa = PBXGroup;
			children = (
				6561172F214A8B8C0017E6CA /* CoreData */,
				6561172E214A8B790017E6CA /* Resources */,
				6561172D214A8B630017E6CA /* Storyboards */,
				6561172C214A8B540017E6CA /* Application */,
				6561172B214A8B4E0017E6CA /* Views */,
				6561172A214A8B470017E6CA /* Models */,
				65611729214A8B410017E6CA /* Managers */,
				65611728214A8B3B0017E6CA /* Controllers */,
			);
			path = TeamBuilder;
			sourceTree = "<group>";
		};
		65611728214A8B3B0017E6CA /* Controllers */ = {
			isa = PBXGroup;
			children = (
				65611736214A905A0017E6CA /* TestController.swift */,
			);
			path = Controllers;
			sourceTree = "<group>";
		};
		65611729214A8B410017E6CA /* Managers */ = {
			isa = PBXGroup;
			children = (
				65611734214A90510017E6CA /* TestManager.swift */,
			);
			path = Managers;
			sourceTree = "<group>";
		};
		6561172A214A8B470017E6CA /* Models */ = {
			isa = PBXGroup;
			children = (
				65611732214A90490017E6CA /* TestModel.swift */,
			);
			path = Models;
			sourceTree = "<group>";
		};
		6561172B214A8B4E0017E6CA /* Views */ = {
			isa = PBXGroup;
			children = (
				65611730214A902B0017E6CA /* TestView.swift */,
			);
			path = Views;
			sourceTree = "<group>";
		};
		6561172C214A8B540017E6CA /* Application */ = {
			isa = PBXGroup;
			children = (
				65611713214A76610017E6CA /* AppDelegate.swift */,
				65611722214A76650017E6CA /* Info.plist */,
			);
			path = Application;
			sourceTree = "<group>";
		};
		6561172D214A8B630017E6CA /* Storyboards */ = {
			isa = PBXGroup;
			children = (
				65611717214A76610017E6CA /* Main.storyboard */,
				6561171F214A76650017E6CA /* LaunchScreen.storyboard */,
			);
			path = Storyboards;
			sourceTree = "<group>";
		};
		6561172E214A8B790017E6CA /* Resources */ = {
			isa = PBXGroup;
			children = (
				6561171D214A76650017E6CA /* Assets.xcassets */,
			);
			path = Resources;
			sourceTree = "<group>";
		};
		6561172F214A8B8C0017E6CA /* CoreData */ = {
			isa = PBXGroup;
			children = (
				6561171A214A76610017E6CA /* TeamBuilder.xcdatamodeld */,
			);
			path = CoreData;
			sourceTree = "<group>";
		};
/* End PBXGroup section */

/* Begin PBXNativeTarget section */
		6561170F214A76600017E6CA /* TeamBuilder */ = {
			isa = PBXNativeTarget;
			buildConfigurationList = 65611725214A76650017E6CA /* Build configuration list for PBXNativeTarget "TeamBuilder" */;
			buildPhases = (
				6561170C214A76600017E6CA /* Sources */,
				6561170D214A76600017E6CA /* Frameworks */,
				6561170E214A76600017E6CA /* Resources */,
			);
			buildRules = (
			);
			dependencies = (
			);
			name = TeamBuilder;
			productName = TeamBuilder;
			productReference = 65611710214A76610017E6CA /* TeamBuilder.app */;
			productType = "com.apple.product-type.application";
		};
/* End PBXNativeTarget section */

/* Begin PBXProject section */
		65611708214A76600017E6CA /* Project object */ = {
			isa = PBXProject;
			attributes = {
				LastSwiftUpdateCheck = 1000;
				LastUpgradeCheck = 1000;
				ORGANIZATIONNAME = denmathew;
				TargetAttributes = {
					6561170F214A76600017E6CA = {
						CreatedOnToolsVersion = 10.0;
					};
				};
			};
			buildConfigurationList = 6561170B214A76600017E6CA /* Build configuration list for PBXProject "TeamBuilder" */;
			compatibilityVersion = "Xcode 9.3";
			developmentRegion = en;
			hasScannedForEncodings = 0;
			knownRegions = (
				en,
				Base,
			);
			mainGroup = 65611707214A76600017E6CA;
			productRefGroup = 65611711214A76610017E6CA /* Products */;
			projectDirPath = "";
			projectRoot = "";
			targets = (
				6561170F214A76600017E6CA /* TeamBuilder */,
			);
		};
/* End PBXProject section */

/* Begin PBXResourcesBuildPhase section */
		6561170E214A76600017E6CA /* Resources */ = {
			isa = PBXResourcesBuildPhase;
			buildActionMask = 2147483647;
			files = (
				65611721214A76650017E6CA /* LaunchScreen.storyboard in Resources */,
				6561171E214A76650017E6CA /* Assets.xcassets in Resources */,
				65611719214A76610017E6CA /* Main.storyboard in Resources */,
			);
			runOnlyForDeploymentPostprocessing = 0;
		};
/* End PBXResourcesBuildPhase section */

/* Begin PBXSourcesBuildPhase section */
		6561170C214A76600017E6CA /* Sources */ = {
			isa = PBXSourcesBuildPhase;
			buildActionMask = 2147483647;
			files = (
				65611731214A902B0017E6CA /* TestView.swift in Sources */,
				6561171C214A76610017E6CA /* TeamBuilder.xcdatamodeld in Sources */,
				65611714214A76610017E6CA /* AppDelegate.swift in Sources */,
				65611737214A905A0017E6CA /* TestController.swift in Sources */,
				65611733214A90490017E6CA /* TestModel.swift in Sources */,
				65611735214A90510017E6CA /* TestManager.swift in Sources */,
			);
			runOnlyForDeploymentPostprocessing = 0;
		};
/* End PBXSourcesBuildPhase section */

/* Begin PBXVariantGroup section */
		65611717214A76610017E6CA /* Main.storyboard */ = {
			isa = PBXVariantGroup;
			children = (
				65611718214A76610017E6CA /* Base */,
			);
			name = Main.storyboard;
			sourceTree = "<group>";
		};
		6561171F214A76650017E6CA /* LaunchScreen.storyboard */ = {
			isa = PBXVariantGroup;
			children = (
				65611720214A76650017E6CA /* Base */,
			);
			name = LaunchScreen.storyboard;
			sourceTree = "<group>";
		};
/* End PBXVariantGroup section */

/* Begin XCBuildConfiguration section */
		65611723214A76650017E6CA /* Debug */ = {
			isa = XCBuildConfiguration;
			buildSettings = {
				ALWAYS_SEARCH_USER_PATHS = NO;
				CLANG_ANALYZER_NONNULL = YES;
				CLANG_ANALYZER_NUMBER_OBJECT_CONVERSION = YES_AGGRESSIVE;
				CLANG_CXX_LANGUAGE_STANDARD = "gnu++14";
				CLANG_CXX_LIBRARY = "libc++";
				CLANG_ENABLE_MODULES = YES;
				CLANG_ENABLE_OBJC_ARC = YES;
				CLANG_ENABLE_OBJC_WEAK = YES;
				CLANG_WARN_BLOCK_CAPTURE_AUTORELEASING = YES;
				CLANG_WARN_BOOL_CONVERSION = YES;
				CLANG_WARN_COMMA = YES;
				CLANG_WARN_CONSTANT_CONVERSION = YES;
				CLANG_WARN_DEPRECATED_OBJC_IMPLEMENTATIONS = YES;
				CLANG_WARN_DIRECT_OBJC_ISA_USAGE = YES_ERROR;
				CLANG_WARN_DOCUMENTATION_COMMENTS = YES;
				CLANG_WARN_EMPTY_BODY = YES;
				CLANG_WARN_ENUM_CONVERSION = YES;
				CLANG_WARN_INFINITE_RECURSION = YES;
				CLANG_WARN_INT_CONVERSION = YES;
				CLANG_WARN_NON_LITERAL_NULL_CONVERSION = YES;
				CLANG_WARN_OBJC_IMPLICIT_RETAIN_SELF = YES;
				CLANG_WARN_OBJC_LITERAL_CONVERSION = YES;
				CLANG_WARN_OBJC_ROOT_CLASS = YES_ERROR;
				CLANG_WARN_RANGE_LOOP_ANALYSIS = YES;
				CLANG_WARN_STRICT_PROTOTYPES = YES;
				CLANG_WARN_SUSPICIOUS_MOVE = YES;
				CLANG_WARN_UNGUARDED_AVAILABILITY = YES_AGGRESSIVE;
				CLANG_WARN_UNREACHABLE_CODE = YES;
				CLANG_WARN__DUPLICATE_METHOD_MATCH = YES;
				CODE_SIGN_IDENTITY = "iPhone Developer";
				COPY_PHASE_STRIP = NO;
				DEBUG_INFORMATION_FORMAT = dwarf;
				ENABLE_STRICT_OBJC_MSGSEND = YES;
				ENABLE_TESTABILITY = YES;
				GCC_C_LANGUAGE_STANDARD = gnu11;
				GCC_DYNAMIC_NO_PIC = NO;
				GCC_NO_COMMON_BLOCKS = YES;
				GCC_OPTIMIZATION_LEVEL = 0;
				GCC_PREPROCESSOR_DEFINITIONS = (
					"DEBUG=1",
					"$(inherited)",
				);
				GCC_WARN_64_TO_32_BIT_CONVERSION = YES;
				GCC_WARN_ABOUT_RETURN_TYPE = YES_ERROR;
				GCC_WARN_UNDECLARED_SELECTOR = YES;
				GCC_WARN_UNINITIALIZED_AUTOS = YES_AGGRESSIVE;
				GCC_WARN_UNUSED_FUNCTION = YES;
				GCC_WARN_UNUSED_VARIABLE = YES;
				IPHONEOS_DEPLOYMENT_TARGET = 12.0;
				MTL_ENABLE_DEBUG_INFO = INCLUDE_SOURCE;
				MTL_FAST_MATH = YES;
				ONLY_ACTIVE_ARCH = YES;
				SDKROOT = iphoneos;
				SWIFT_ACTIVE_COMPILATION_CONDITIONS = DEBUG;
				SWIFT_OPTIMIZATION_LEVEL = "-Onone";
			};
			name = Debug;
		};
		65611724214A76650017E6CA /* Release */ = {
			isa = XCBuildConfiguration;
			buildSettings = {
				ALWAYS_SEARCH_USER_PATHS = NO;
				CLANG_ANALYZER_NONNULL = YES;
				CLANG_ANALYZER_NUMBER_OBJECT_CONVERSION = YES_AGGRESSIVE;
				CLANG_CXX_LANGUAGE_STANDARD = "gnu++14";
				CLANG_CXX_LIBRARY = "libc++";
				CLANG_ENABLE_MODULES = YES;
				CLANG_ENABLE_OBJC_ARC = YES;
				CLANG_ENABLE_OBJC_WEAK = YES;
				CLANG_WARN_BLOCK_CAPTURE_AUTORELEASING = YES;
				CLANG_WARN_BOOL_CONVERSION = YES;
				CLANG_WARN_COMMA = YES;
				CLANG_WARN_CONSTANT_CONVERSION = YES;
				CLANG_WARN_DEPRECATED_OBJC_IMPLEMENTATIONS = YES;
				CLANG_WARN_DIRECT_OBJC_ISA_USAGE = YES_ERROR;
				CLANG_WARN_DOCUMENTATION_COMMENTS = YES;
				CLANG_WARN_EMPTY_BODY = YES;
				CLANG_WARN_ENUM_CONVERSION = YES;
				CLANG_WARN_INFINITE_RECURSION = YES;
				CLANG_WARN_INT_CONVERSION = YES;
				CLANG_WARN_NON_LITERAL_NULL_CONVERSION = YES;
				CLANG_WARN_OBJC_IMPLICIT_RETAIN_SELF = YES;
				CLANG_WARN_OBJC_LITERAL_CONVERSION = YES;
				CLANG_WARN_OBJC_ROOT_CLASS = YES_ERROR;
				CLANG_WARN_RANGE_LOOP_ANALYSIS = YES;
				CLANG_WARN_STRICT_PROTOTYPES = YES;
				CLANG_WARN_SUSPICIOUS_MOVE = YES;
				CLANG_WARN_UNGUARDED_AVAILABILITY = YES_AGGRESSIVE;
				CLANG_WARN_UNREACHABLE_CODE = YES;
				CLANG_WARN__DUPLICATE_METHOD_MATCH = YES;
				CODE_SIGN_IDENTITY = "iPhone Developer";
				COPY_PHASE_STRIP = NO;
				DEBUG_INFORMATION_FORMAT = "dwarf-with-dsym";
				ENABLE_NS_ASSERTIONS = NO;
				ENABLE_STRICT_OBJC_MSGSEND = YES;
				GCC_C_LANGUAGE_STANDARD = gnu11;
				GCC_NO_COMMON_BLOCKS = YES;
				GCC_WARN_64_TO_32_BIT_CONVERSION = YES;
				GCC_WARN_ABOUT_RETURN_TYPE = YES_ERROR;
				GCC_WARN_UNDECLARED_SELECTOR = YES;
				GCC_WARN_UNINITIALIZED_AUTOS = YES_AGGRESSIVE;
				GCC_WARN_UNUSED_FUNCTION = YES;
				GCC_WARN_UNUSED_VARIABLE = YES;
				IPHONEOS_DEPLOYMENT_TARGET = 12.0;
				MTL_ENABLE_DEBUG_INFO = NO;
				MTL_FAST_MATH = YES;
				SDKROOT = iphoneos;
				SWIFT_COMPILATION_MODE = wholemodule;
				SWIFT_OPTIMIZATION_LEVEL = "-O";
				VALIDATE_PRODUCT = YES;
			};
			name = Release;
		};
		65611726214A76650017E6CA /* Debug */ = {
			isa = XCBuildConfiguration;
			buildSettings = {
				ASSETCATALOG_COMPILER_APPICON_NAME = AppIcon;
				CODE_SIGN_STYLE = Automatic;
				DEVELOPMENT_TEAM = 9DENJD3M83;
				INFOPLIST_FILE = TeamBuilder/Info.plist;
				LD_RUNPATH_SEARCH_PATHS = (
					"$(inherited)",
					"@executable_path/Frameworks",
				);
				PRODUCT_BUNDLE_IDENTIFIER = com.denmathew.TeamBuilder;
				PRODUCT_NAME = "$(TARGET_NAME)";
				SWIFT_VERSION = 4.2;
				TARGETED_DEVICE_FAMILY = "1,2";
			};
			name = Debug;
		};
		65611727214A76650017E6CA /* Release */ = {
			isa = XCBuildConfiguration;
			buildSettings = {
				ASSETCATALOG_COMPILER_APPICON_NAME = AppIcon;
				CODE_SIGN_STYLE = Automatic;
				DEVELOPMENT_TEAM = 9DENJD3M83;
				INFOPLIST_FILE = TeamBuilder/Info.plist;
				LD_RUNPATH_SEARCH_PATHS = (
					"$(inherited)",
					"@executable_path/Frameworks",
				);
				PRODUCT_BUNDLE_IDENTIFIER = com.denmathew.TeamBuilder;
				PRODUCT_NAME = "$(TARGET_NAME)";
				SWIFT_VERSION = 4.2;
				TARGETED_DEVICE_FAMILY = "1,2";
			};
			name = Release;
		};
/* End XCBuildConfiguration section */

/* Begin XCConfigurationList section */
		6561170B214A76600017E6CA /* Build configuration list for PBXProject "TeamBuilder" */ = {
			isa = XCConfigurationList;
			buildConfigurations = (
				65611723214A76650017E6CA /* Debug */,
				65611724214A76650017E6CA /* Release */,
			);
			defaultConfigurationIsVisible = 0;
			defaultConfigurationName = Release;
		};
		65611725214A76650017E6CA /* Build configuration list for PBXNativeTarget "TeamBuilder" */ = {
			isa = XCConfigurationList;
			buildConfigurations = (
				65611726214A76650017E6CA /* Debug */,
				65611727214A76650017E6CA /* Release */,
			);
			defaultConfigurationIsVisible = 0;
			defaultConfigurationName = Release;
		};
/* End XCConfigurationList section */

/* Begin XCVersionGroup section */
		6561171A214A76610017E6CA /* TeamBuilder.xcdatamodeld */ = {
			isa = XCVersionGroup;
			children = (
				6561171B214A76610017E6CA /* TeamBuilder.xcdatamodel */,
			);
			currentVersion = 6561171B214A76610017E6CA /* TeamBuilder.xcdatamodel */;
			path = TeamBuilder.xcdatamodeld;
			sourceTree = "<group>";
			versionGroupType = wrapper.xcdatamodel;
		};
/* End XCVersionGroup section */
	};
	rootObject = 65611708214A76600017E6CA /* Project object */;
}
